
Microsoft Visual Studio Solution File, Format Version 12.00
# Visual Studio Version 16
VisualStudioVersion = 16.0.30204.135
MinimumVisualStudioVersion = 10.0.40219.1
Project("{FAE04EC0-301F-11D3-BF4B-00C04F79EFBC}") = "ExplodeAnything", "ExplodeEverything\ExplodeAnything.csproj", "{89A5AFF4-1129-4C7D-B7B4-8E90FC169D56}"
EndProject
Global
	GlobalSection(SolutionConfigurationPlatforms) = preSolution
		Debug|Any CPU = Debug|Any CPU
		Release|Any CPU = Release|Any CPU
	EndGlobalSection
	GlobalSection(ProjectConfigurationPlatforms) = postSolution
		{89A5AFF4-1129-4C7D-B7B4-8E90FC169D56}.Debug|Any CPU.ActiveCfg = Debug|Any CPU
		{89A5AFF4-1129-4C7D-B7B4-8E90FC169D56}.Debug|Any CPU.Build.0 = Debug|Any CPU
		{89A5AFF4-1129-4C7D-B7B4-8E90FC169D56}.Release|Any CPU.ActiveCfg = Release|Any CPU
		{89A5AFF4-1129-4C7D-B7B4-8E90FC169D56}.Release|Any CPU.Build.0 = Release|Any CPU
	EndGlobalSection
	GlobalSection(SolutionProperties) = preSolution
		HideSolutionNode = FALSE
	EndGlobalSection
	GlobalSection(ExtensibilityGlobals) = postSolution
		SolutionGuid = {C5B379BE-649E-4BA9-BBEC-F1861BCA8739}
	EndGlobalSection
EndGlobal
